// !$*UTF8*$!
{
	archiveVersion = 1;
	classes = {
	};
	objectVersion = 50;
	objects = {

/* Begin PBXBuildFile section */
		092E3A2E257A45FD0044B424 /* ScoreApp.swift in Sources */ = {isa = PBXBuildFile; fileRef = 092E3A2D257A45FD0044B424 /* ScoreApp.swift */; };
		092E3A30257A45FD0044B424 /* ContentView.swift in Sources */ = {isa = PBXBuildFile; fileRef = 092E3A2F257A45FD0044B424 /* ContentView.swift */; };
		092E3A32257A45FD0044B424 /* Assets.xcassets in Resources */ = {isa = PBXBuildFile; fileRef = 092E3A31257A45FD0044B424 /* Assets.xcassets */; };
		092E3A35257A45FD0044B424 /* Preview Assets.xcassets in Resources */ = {isa = PBXBuildFile; fileRef = 092E3A34257A45FD0044B424 /* Preview Assets.xcassets */; };
		092E3A40257A46330044B424 /* Player.swift in Sources */ = {isa = PBXBuildFile; fileRef = 092E3A3F257A46330044B424 /* Player.swift */; };
		092E3A43257A463C0044B424 /* PlayerStore.swift in Sources */ = {isa = PBXBuildFile; fileRef = 092E3A42257A463C0044B424 /* PlayerStore.swift */; };
		092E3A49257A465A0044B424 /* ColorsView.swift in Sources */ = {isa = PBXBuildFile; fileRef = 092E3A48257A465A0044B424 /* ColorsView.swift */; };
		092E3A4C257A46730044B424 /* PlayerCell.swift in Sources */ = {isa = PBXBuildFile; fileRef = 092E3A4B257A46730044B424 /* PlayerCell.swift */; };
		09A763FF258B96550027504B /* TransparentDivider.swift in Sources */ = {isa = PBXBuildFile; fileRef = 09A763FE258B96550027504B /* TransparentDivider.swift */; };
		09A76402258B96B30027504B /* ScoreButton.swift in Sources */ = {isa = PBXBuildFile; fileRef = 09A76401258B96B30027504B /* ScoreButton.swift */; };
		09A76407258B98CC0027504B /* TestView2.swift in Sources */ = {isa = PBXBuildFile; fileRef = 09A76405258B98CC0027504B /* TestView2.swift */; };
		09A76408258B98CC0027504B /* TestView.swift in Sources */ = {isa = PBXBuildFile; fileRef = 09A76406258B98CC0027504B /* TestView.swift */; };
		09C01EE2258B637C00CF509B /* Color+Extentions.swift in Sources */ = {isa = PBXBuildFile; fileRef = 09C01EE1258B637C00CF509B /* Color+Extentions.swift */; };
		09FE36F52593487800798414 /* TextFieldClearButton.swift in Sources */ = {isa = PBXBuildFile; fileRef = 09FE36F42593487800798414 /* TextFieldClearButton.swift */; };
/* End PBXBuildFile section */

/* Begin PBXFileReference section */
		092E3A2A257A45FD0044B424 /* Score.app */ = {isa = PBXFileReference; explicitFileType = wrapper.application; includeInIndex = 0; path = Score.app; sourceTree = BUILT_PRODUCTS_DIR; };
		092E3A2D257A45FD0044B424 /* ScoreApp.swift */ = {isa = PBXFileReference; lastKnownFileType = sourcecode.swift; path = ScoreApp.swift; sourceTree = "<group>"; };
		092E3A2F257A45FD0044B424 /* ContentView.swift */ = {isa = PBXFileReference; lastKnownFileType = sourcecode.swift; path = ContentView.swift; sourceTree = "<group>"; };
		092E3A31257A45FD0044B424 /* Assets.xcassets */ = {isa = PBXFileReference; lastKnownFileType = folder.assetcatalog; path = Assets.xcassets; sourceTree = "<group>"; };
		092E3A34257A45FD0044B424 /* Preview Assets.xcassets */ = {isa = PBXFileReference; lastKnownFileType = folder.assetcatalog; path = "Preview Assets.xcassets"; sourceTree = "<group>"; };
		092E3A36257A45FD0044B424 /* Info.plist */ = {isa = PBXFileReference; lastKnownFileType = text.plist.xml; path = Info.plist; sourceTree = "<group>"; };
		092E3A3F257A46330044B424 /* Player.swift */ = {isa = PBXFileReference; lastKnownFileType = sourcecode.swift; path = Player.swift; sourceTree = "<group>"; };
		092E3A42257A463C0044B424 /* PlayerStore.swift */ = {isa = PBXFileReference; lastKnownFileType = sourcecode.swift; path = PlayerStore.swift; sourceTree = "<group>"; };
		092E3A48257A465A0044B424 /* ColorsView.swift */ = {isa = PBXFileReference; lastKnownFileType = sourcecode.swift; path = ColorsView.swift; sourceTree = "<group>"; };
		092E3A4B257A46730044B424 /* PlayerCell.swift */ = {isa = PBXFileReference; lastKnownFileType = sourcecode.swift; path = PlayerCell.swift; sourceTree = "<group>"; };
		09A763FE258B96550027504B /* TransparentDivider.swift */ = {isa = PBXFileReference; lastKnownFileType = sourcecode.swift; path = TransparentDivider.swift; sourceTree = "<group>"; };
		09A76401258B96B30027504B /* ScoreButton.swift */ = {isa = PBXFileReference; lastKnownFileType = sourcecode.swift; path = ScoreButton.swift; sourceTree = "<group>"; };
		09A76405258B98CC0027504B /* TestView2.swift */ = {isa = PBXFileReference; fileEncoding = 4; lastKnownFileType = sourcecode.swift; path = TestView2.swift; sourceTree = "<group>"; };
		09A76406258B98CC0027504B /* TestView.swift */ = {isa = PBXFileReference; fileEncoding = 4; lastKnownFileType = sourcecode.swift; path = TestView.swift; sourceTree = "<group>"; };
		09C01EE1258B637C00CF509B /* Color+Extentions.swift */ = {isa = PBXFileReference; lastKnownFileType = sourcecode.swift; path = "Color+Extentions.swift"; sourceTree = "<group>"; };
		09FE36F42593487800798414 /* TextFieldClearButton.swift */ = {isa = PBXFileReference; lastKnownFileType = sourcecode.swift; path = TextFieldClearButton.swift; sourceTree = "<group>"; };
/* End PBXFileReference section */

/* Begin PBXFrameworksBuildPhase section */
		092E3A27257A45FD0044B424 /* Frameworks */ = {
			isa = PBXFrameworksBuildPhase;
			buildActionMask = 2147483647;
			files = (
			);
			runOnlyForDeploymentPostprocessing = 0;
		};
/* End PBXFrameworksBuildPhase section */

/* Begin PBXGroup section */
		092E3A21257A45FD0044B424 = {
			isa = PBXGroup;
			children = (
				092E3A2C257A45FD0044B424 /* Score */,
				092E3A2B257A45FD0044B424 /* Products */,
			);
			sourceTree = "<group>";
		};
		092E3A2B257A45FD0044B424 /* Products */ = {
			isa = PBXGroup;
			children = (
				092E3A2A257A45FD0044B424 /* Score.app */,
			);
			name = Products;
			sourceTree = "<group>";
		};
		092E3A2C257A45FD0044B424 /* Score */ = {
			isa = PBXGroup;
			children = (
				09C01EE0258B635200CF509B /* Extentions */,
				092E3A3E257A460E0044B424 /* Models */,
				092E3A3D257A46080044B424 /* Views */,
				092E3A2D257A45FD0044B424 /* ScoreApp.swift */,
				092E3A31257A45FD0044B424 /* Assets.xcassets */,
				092E3A36257A45FD0044B424 /* Info.plist */,
				092E3A33257A45FD0044B424 /* Preview Content */,
			);
			path = Score;
			sourceTree = "<group>";
		};
		092E3A33257A45FD0044B424 /* Preview Content */ = {
			isa = PBXGroup;
			children = (
				092E3A34257A45FD0044B424 /* Preview Assets.xcassets */,
			);
			path = "Preview Content";
			sourceTree = "<group>";
		};
		092E3A3D257A46080044B424 /* Views */ = {
			isa = PBXGroup;
			children = (
				092E3A48257A465A0044B424 /* ColorsView.swift */,
				092E3A2F257A45FD0044B424 /* ContentView.swift */,
				092E3A4B257A46730044B424 /* PlayerCell.swift */,
				09FE36F42593487800798414 /* TextFieldClearButton.swift */,
				09A76401258B96B30027504B /* ScoreButton.swift */,
				09A763FE258B96550027504B /* TransparentDivider.swift */,
				09A76406258B98CC0027504B /* TestView.swift */,
				09A76405258B98CC0027504B /* TestView2.swift */,
			);
			path = Views;
			sourceTree = "<group>";
		};
		092E3A3E257A460E0044B424 /* Models */ = {
			isa = PBXGroup;
			children = (
				092E3A3F257A46330044B424 /* Player.swift */,
				092E3A42257A463C0044B424 /* PlayerStore.swift */,
			);
			path = Models;
			sourceTree = "<group>";
		};
		09C01EE0258B635200CF509B /* Extentions */ = {
			isa = PBXGroup;
			children = (
				09C01EE1258B637C00CF509B /* Color+Extentions.swift */,
			);
			path = Extentions;
			sourceTree = "<group>";
		};
/* End PBXGroup section */

/* Begin PBXNativeTarget section */
		092E3A29257A45FD0044B424 /* Score */ = {
			isa = PBXNativeTarget;
			buildConfigurationList = 092E3A39257A45FD0044B424 /* Build configuration list for PBXNativeTarget "Score" */;
			buildPhases = (
				092E3A26257A45FD0044B424 /* Sources */,
				092E3A27257A45FD0044B424 /* Frameworks */,
				092E3A28257A45FD0044B424 /* Resources */,
			);
			buildRules = (
			);
			dependencies = (
			);
			name = Score;
			productName = Score;
			productReference = 092E3A2A257A45FD0044B424 /* Score.app */;
			productType = "com.apple.product-type.application";
		};
/* End PBXNativeTarget section */

/* Begin PBXProject section */
		092E3A22257A45FD0044B424 /* Project object */ = {
			isa = PBXProject;
			attributes = {
				LastSwiftUpdateCheck = 1220;
				LastUpgradeCheck = 1220;
				TargetAttributes = {
					092E3A29257A45FD0044B424 = {
						CreatedOnToolsVersion = 12.2;
					};
				};
			};
			buildConfigurationList = 092E3A25257A45FD0044B424 /* Build configuration list for PBXProject "Score" */;
			compatibilityVersion = "Xcode 9.3";
			developmentRegion = en;
			hasScannedForEncodings = 0;
			knownRegions = (
				en,
				Base,
			);
			mainGroup = 092E3A21257A45FD0044B424;
			productRefGroup = 092E3A2B257A45FD0044B424 /* Products */;
			projectDirPath = "";
			projectRoot = "";
			targets = (
				092E3A29257A45FD0044B424 /* Score */,
			);
		};
/* End PBXProject section */

/* Begin PBXResourcesBuildPhase section */
		092E3A28257A45FD0044B424 /* Resources */ = {
			isa = PBXResourcesBuildPhase;
			buildActionMask = 2147483647;
			files = (
				092E3A35257A45FD0044B424 /* Preview Assets.xcassets in Resources */,
				092E3A32257A45FD0044B424 /* Assets.xcassets in Resources */,
			);
			runOnlyForDeploymentPostprocessing = 0;
		};
/* End PBXResourcesBuildPhase section */

/* Begin PBXSourcesBuildPhase section */
		092E3A26257A45FD0044B424 /* Sources */ = {
			isa = PBXSourcesBuildPhase;
			buildActionMask = 2147483647;
			files = (
				092E3A49257A465A0044B424 /* ColorsView.swift in Sources */,
				09FE36F52593487800798414 /* TextFieldClearButton.swift in Sources */,
				092E3A30257A45FD0044B424 /* ContentView.swift in Sources */,
				09A76408258B98CC0027504B /* TestView.swift in Sources */,
				092E3A4C257A46730044B424 /* PlayerCell.swift in Sources */,
				09C01EE2258B637C00CF509B /* Color+Extentions.swift in Sources */,
				092E3A40257A46330044B424 /* Player.swift in Sources */,
				09A763FF258B96550027504B /* TransparentDivider.swift in Sources */,
				092E3A43257A463C0044B424 /* PlayerStore.swift in Sources */,
				09A76407258B98CC0027504B /* TestView2.swift in Sources */,
				092E3A2E257A45FD0044B424 /* ScoreApp.swift in Sources */,
				09A76402258B96B30027504B /* ScoreButton.swift in Sources */,
			);
			runOnlyForDeploymentPostprocessing = 0;
		};
/* End PBXSourcesBuildPhase section */

/* Begin XCBuildConfiguration section */
		092E3A37257A45FD0044B424 /* Debug */ = {
			isa = XCBuildConfiguration;
			buildSettings = {
				ALWAYS_SEARCH_USER_PATHS = NO;
				CLANG_ANALYZER_NONNULL = YES;
				CLANG_ANALYZER_NUMBER_OBJECT_CONVERSION = YES_AGGRESSIVE;
				CLANG_CXX_LANGUAGE_STANDARD = "gnu++14";
				CLANG_CXX_LIBRARY = "libc++";
				CLANG_ENABLE_MODULES = YES;
				CLANG_ENABLE_OBJC_ARC = YES;
				CLANG_ENABLE_OBJC_WEAK = YES;
				CLANG_WARN_BLOCK_CAPTURE_AUTORELEASING = YES;
				CLANG_WARN_BOOL_CONVERSION = YES;
				CLANG_WARN_COMMA = YES;
				CLANG_WARN_CONSTANT_CONVERSION = YES;
				CLANG_WARN_DEPRECATED_OBJC_IMPLEMENTATIONS = YES;
				CLANG_WARN_DIRECT_OBJC_ISA_USAGE = YES_ERROR;
				CLANG_WARN_DOCUMENTATION_COMMENTS = YES;
				CLANG_WARN_EMPTY_BODY = YES;
				CLANG_WARN_ENUM_CONVERSION = YES;
				CLANG_WARN_INFINITE_RECURSION = YES;
				CLANG_WARN_INT_CONVERSION = YES;
				CLANG_WARN_NON_LITERAL_NULL_CONVERSION = YES;
				CLANG_WARN_OBJC_IMPLICIT_RETAIN_SELF = YES;
				CLANG_WARN_OBJC_LITERAL_CONVERSION = YES;
				CLANG_WARN_OBJC_ROOT_CLASS = YES_ERROR;
				CLANG_WARN_QUOTED_INCLUDE_IN_FRAMEWORK_HEADER = YES;
				CLANG_WARN_RANGE_LOOP_ANALYSIS = YES;
				CLANG_WARN_STRICT_PROTOTYPES = YES;
				CLANG_WARN_SUSPICIOUS_MOVE = YES;
				CLANG_WARN_UNGUARDED_AVAILABILITY = YES_AGGRESSIVE;
				CLANG_WARN_UNREACHABLE_CODE = YES;
				CLANG_WARN__DUPLICATE_METHOD_MATCH = YES;
				COPY_PHASE_STRIP = NO;
				DEBUG_INFORMATION_FORMAT = dwarf;
				ENABLE_STRICT_OBJC_MSGSEND = YES;
				ENABLE_TESTABILITY = YES;
				GCC_C_LANGUAGE_STANDARD = gnu11;
				GCC_DYNAMIC_NO_PIC = NO;
				GCC_NO_COMMON_BLOCKS = YES;
				GCC_OPTIMIZATION_LEVEL = 0;
				GCC_PREPROCESSOR_DEFINITIONS = (
					"DEBUG=1",
					"$(inherited)",
				);
				GCC_WARN_64_TO_32_BIT_CONVERSION = YES;
				GCC_WARN_ABOUT_RETURN_TYPE = YES_ERROR;
				GCC_WARN_UNDECLARED_SELECTOR = YES;
				GCC_WARN_UNINITIALIZED_AUTOS = YES_AGGRESSIVE;
				GCC_WARN_UNUSED_FUNCTION = YES;
				GCC_WARN_UNUSED_VARIABLE = YES;
				IPHONEOS_DEPLOYMENT_TARGET = 14.2;
				MTL_ENABLE_DEBUG_INFO = INCLUDE_SOURCE;
				MTL_FAST_MATH = YES;
				ONLY_ACTIVE_ARCH = YES;
				SDKROOT = iphoneos;
				SWIFT_ACTIVE_COMPILATION_CONDITIONS = DEBUG;
				SWIFT_OPTIMIZATION_LEVEL = "-Onone";
			};
			name = Debug;
		};
		092E3A38257A45FD0044B424 /* Release */ = {
			isa = XCBuildConfiguration;
			buildSettings = {
				ALWAYS_SEARCH_USER_PATHS = NO;
				CLANG_ANALYZER_NONNULL = YES;
				CLANG_ANALYZER_NUMBER_OBJECT_CONVERSION = YES_AGGRESSIVE;
				CLANG_CXX_LANGUAGE_STANDARD = "gnu++14";
				CLANG_CXX_LIBRARY = "libc++";
				CLANG_ENABLE_MODULES = YES;
				CLANG_ENABLE_OBJC_ARC = YES;
				CLANG_ENABLE_OBJC_WEAK = YES;
				CLANG_WARN_BLOCK_CAPTURE_AUTORELEASING = YES;
				CLANG_WARN_BOOL_CONVERSION = YES;
				CLANG_WARN_COMMA = YES;
				CLANG_WARN_CONSTANT_CONVERSION = YES;
				CLANG_WARN_DEPRECATED_OBJC_IMPLEMENTATIONS = YES;
				CLANG_WARN_DIRECT_OBJC_ISA_USAGE = YES_ERROR;
				CLANG_WARN_DOCUMENTATION_COMMENTS = YES;
				CLANG_WARN_EMPTY_BODY = YES;
				CLANG_WARN_ENUM_CONVERSION = YES;
				CLANG_WARN_INFINITE_RECURSION = YES;
				CLANG_WARN_INT_CONVERSION = YES;
				CLANG_WARN_NON_LITERAL_NULL_CONVERSION = YES;
				CLANG_WARN_OBJC_IMPLICIT_RETAIN_SELF = YES;
				CLANG_WARN_OBJC_LITERAL_CONVERSION = YES;
				CLANG_WARN_OBJC_ROOT_CLASS = YES_ERROR;
				CLANG_WARN_QUOTED_INCLUDE_IN_FRAMEWORK_HEADER = YES;
				CLANG_WARN_RANGE_LOOP_ANALYSIS = YES;
				CLANG_WARN_STRICT_PROTOTYPES = YES;
				CLANG_WARN_SUSPICIOUS_MOVE = YES;
				CLANG_WARN_UNGUARDED_AVAILABILITY = YES_AGGRESSIVE;
				CLANG_WARN_UNREACHABLE_CODE = YES;
				CLANG_WARN__DUPLICATE_METHOD_MATCH = YES;
				COPY_PHASE_STRIP = NO;
				DEBUG_INFORMATION_FORMAT = "dwarf-with-dsym";
				ENABLE_NS_ASSERTIONS = NO;
				ENABLE_STRICT_OBJC_MSGSEND = YES;
				GCC_C_LANGUAGE_STANDARD = gnu11;
				GCC_NO_COMMON_BLOCKS = YES;
				GCC_WARN_64_TO_32_BIT_CONVERSION = YES;
				GCC_WARN_ABOUT_RETURN_TYPE = YES_ERROR;
				GCC_WARN_UNDECLARED_SELECTOR = YES;
				GCC_WARN_UNINITIALIZED_AUTOS = YES_AGGRESSIVE;
				GCC_WARN_UNUSED_FUNCTION = YES;
				GCC_WARN_UNUSED_VARIABLE = YES;
				IPHONEOS_DEPLOYMENT_TARGET = 14.2;
				MTL_ENABLE_DEBUG_INFO = NO;
				MTL_FAST_MATH = YES;
				SDKROOT = iphoneos;
				SWIFT_COMPILATION_MODE = wholemodule;
				SWIFT_OPTIMIZATION_LEVEL = "-O";
				VALIDATE_PRODUCT = YES;
			};
			name = Release;
		};
		092E3A3A257A45FD0044B424 /* Debug */ = {
			isa = XCBuildConfiguration;
			buildSettings = {
				ASSETCATALOG_COMPILER_APPICON_NAME = AppIcon;
				ASSETCATALOG_COMPILER_GLOBAL_ACCENT_COLOR_NAME = AccentColor;
				CODE_SIGN_STYLE = Automatic;
				DEVELOPMENT_ASSET_PATHS = "\"Score/Preview Content\"";
				DEVELOPMENT_TEAM = CLKF6H3J2B;
				ENABLE_PREVIEWS = YES;
				INFOPLIST_FILE = Score/Info.plist;
				IPHONEOS_DEPLOYMENT_TARGET = 14.0;
				LD_RUNPATH_SEARCH_PATHS = (
					"$(inherited)",
					"@executable_path/Frameworks",
				);
				PRODUCT_BUNDLE_IDENTIFIER = yakudZZZa.Score;
				PRODUCT_NAME = "$(TARGET_NAME)";
				SWIFT_VERSION = 5.0;
				TARGETED_DEVICE_FAMILY = "1,2";
			};
			name = Debug;
		};
		092E3A3B257A45FD0044B424 /* Release */ = {
			isa = XCBuildConfiguration;
			buildSettings = {
				ASSETCATALOG_COMPILER_APPICON_NAME = AppIcon;
				ASSETCATALOG_COMPILER_GLOBAL_ACCENT_COLOR_NAME = AccentColor;
				CODE_SIGN_STYLE = Automatic;
				DEVELOPMENT_ASSET_PATHS = "\"Score/Preview Content\"";
				DEVELOPMENT_TEAM = CLKF6H3J2B;
				ENABLE_PREVIEWS = YES;
				INFOPLIST_FILE = Score/Info.plist;
				IPHONEOS_DEPLOYMENT_TARGET = 14.0;
				LD_RUNPATH_SEARCH_PATHS = (
					"$(inherited)",
					"@executable_path/Frameworks",
				);
				PRODUCT_BUNDLE_IDENTIFIER = yakudZZZa.Score;
				PRODUCT_NAME = "$(TARGET_NAME)";
				SWIFT_VERSION = 5.0;
				TARGETED_DEVICE_FAMILY = "1,2";
			};
			name = Release;
		};
/* End XCBuildConfiguration section */

/* Begin XCConfigurationList section */
		092E3A25257A45FD0044B424 /* Build configuration list for PBXProject "Score" */ = {
			isa = XCConfigurationList;
			buildConfigurations = (
				092E3A37257A45FD0044B424 /* Debug */,
				092E3A38257A45FD0044B424 /* Release */,
			);
			defaultConfigurationIsVisible = 0;
			defaultConfigurationName = Release;
		};
		092E3A39257A45FD0044B424 /* Build configuration list for PBXNativeTarget "Score" */ = {
			isa = XCConfigurationList;
			buildConfigurations = (
				092E3A3A257A45FD0044B424 /* Debug */,
				092E3A3B257A45FD0044B424 /* Release */,
			);
			defaultConfigurationIsVisible = 0;
			defaultConfigurationName = Release;
		};
/* End XCConfigurationList section */
	};
	rootObject = 092E3A22257A45FD0044B424 /* Project object */;
}
